
Microsoft Visual Studio Solution File, Format Version 12.00
# Visual Studio Version 17
VisualStudioVersion = 17.6.33723.286
MinimumVisualStudioVersion = 10.0.40219.1
Project("{FAE04EC0-301F-11D3-BF4B-00C04F79EFBC}") = "Blog.API", "Blog.API\Blog.API.csproj", "{A06C401A-E3F3-4B8B-946F-7D9085D2A53C}"
EndProject
Global
	GlobalSection(SolutionConfigurationPlatforms) = preSolution
		Debug|Any CPU = Debug|Any CPU
		Release|Any CPU = Release|Any CPU
	EndGlobalSection
	GlobalSection(ProjectConfigurationPlatforms) = postSolution
		{A06C401A-E3F3-4B8B-946F-7D9085D2A53C}.Debug|Any CPU.ActiveCfg = Debug|Any CPU
		{A06C401A-E3F3-4B8B-946F-7D9085D2A53C}.Debug|Any CPU.Build.0 = Debug|Any CPU
		{A06C401A-E3F3-4B8B-946F-7D9085D2A53C}.Release|Any CPU.ActiveCfg = Release|Any CPU
		{A06C401A-E3F3-4B8B-946F-7D9085D2A53C}.Release|Any CPU.Build.0 = Release|Any CPU
	EndGlobalSection
	GlobalSection(SolutionProperties) = preSolution
		HideSolutionNode = FALSE
	EndGlobalSection
	GlobalSection(ExtensibilityGlobals) = postSolution
		SolutionGuid = {9768FA95-ECF4-46B5-9754-378D5171B6CC}
	EndGlobalSection
EndGlobal
